// !$*UTF8*$!
{
	archiveVersion = 1;
	classes = {
	};
	objectVersion = 51;
	objects = {

/* Begin PBXBuildFile section */
		363D8B3423FA402300D919AE /* FavoritePharmacyCellTableViewCell.swift in Sources */ = {isa = PBXBuildFile; fileRef = 363D8B3323FA402300D919AE /* FavoritePharmacyCellTableViewCell.swift */; };
		3691AE1023F1355A00D391CF /* AppDelegate.swift in Sources */ = {isa = PBXBuildFile; fileRef = 3691AE0F23F1355A00D391CF /* AppDelegate.swift */; };
		3691AE1423F1355A00D391CF /* MapViewController.swift in Sources */ = {isa = PBXBuildFile; fileRef = 3691AE1323F1355A00D391CF /* MapViewController.swift */; };
		3691AE1923F1355F00D391CF /* Assets.xcassets in Resources */ = {isa = PBXBuildFile; fileRef = 3691AE1823F1355F00D391CF /* Assets.xcassets */; };
		3691AE1C23F1355F00D391CF /* LaunchScreen.storyboard in Resources */ = {isa = PBXBuildFile; fileRef = 3691AE1A23F1355F00D391CF /* LaunchScreen.storyboard */; };
		3691AE2523F1359C00D391CF /* Coordinator.swift in Sources */ = {isa = PBXBuildFile; fileRef = 3691AE2423F1359C00D391CF /* Coordinator.swift */; };
		3691AE2823F1375A00D391CF /* FaceMasksAPI.swift in Sources */ = {isa = PBXBuildFile; fileRef = 3691AE2723F1375A00D391CF /* FaceMasksAPI.swift */; };
		3691AE2B23F137BE00D391CF /* FaceMasksResponse.swift in Sources */ = {isa = PBXBuildFile; fileRef = 3691AE2A23F137BE00D391CF /* FaceMasksResponse.swift */; };
		3691AE2D23F137F500D391CF /* Feature.swift in Sources */ = {isa = PBXBuildFile; fileRef = 3691AE2C23F137F500D391CF /* Feature.swift */; };
		3691AE2F23F1381500D391CF /* Propertie.swift in Sources */ = {isa = PBXBuildFile; fileRef = 3691AE2E23F1381500D391CF /* Propertie.swift */; };
		3691AE3123F139C000D391CF /* Geometry.swift in Sources */ = {isa = PBXBuildFile; fileRef = 3691AE3023F139C000D391CF /* Geometry.swift */; };
		3691AE3423F1482E00D391CF /* FaceMasksViewModel.swift in Sources */ = {isa = PBXBuildFile; fileRef = 3691AE3323F1482E00D391CF /* FaceMasksViewModel.swift */; };
		3691AE3623F14A7C00D391CF /* LocationFetcher.swift in Sources */ = {isa = PBXBuildFile; fileRef = 3691AE3523F14A7C00D391CF /* LocationFetcher.swift */; };
		3691AE3923F2420F00D391CF /* FaceMaskAnnotation.swift in Sources */ = {isa = PBXBuildFile; fileRef = 3691AE3823F2420F00D391CF /* FaceMaskAnnotation.swift */; };
		3691AE3C23F25A0E00D391CF /* Declarative.swift in Sources */ = {isa = PBXBuildFile; fileRef = 3691AE3B23F25A0E00D391CF /* Declarative.swift */; };
		3691AE3E23F27FC000D391CF /* FaceMaskAnnotationView.swift in Sources */ = {isa = PBXBuildFile; fileRef = 3691AE3D23F27FC000D391CF /* FaceMaskAnnotationView.swift */; };
		3691AE4023F3DE1000D391CF /* SingleAnnotationView.swift in Sources */ = {isa = PBXBuildFile; fileRef = 3691AE3F23F3DE1000D391CF /* SingleAnnotationView.swift */; };
		3691AE4223F4E16800D391CF /* FaceMaskCalloutView.swift in Sources */ = {isa = PBXBuildFile; fileRef = 3691AE4123F4E16800D391CF /* FaceMaskCalloutView.swift */; };
		36CDFE6523FCD82700DC65D1 /* UnmanagedCopy.swift in Sources */ = {isa = PBXBuildFile; fileRef = 36CDFE6423FCD82700DC65D1 /* UnmanagedCopy.swift */; };
		36CDFE6823FD01C200DC65D1 /* PharmacyResponse.swift in Sources */ = {isa = PBXBuildFile; fileRef = 36CDFE6723FD01C200DC65D1 /* PharmacyResponse.swift */; };
		36CDFE6A23FD01E400DC65D1 /* Pharmacy.swift in Sources */ = {isa = PBXBuildFile; fileRef = 36CDFE6923FD01E400DC65D1 /* Pharmacy.swift */; };
		36CDFE6D23FD029600DC65D1 /* PharmacyAPI.swift in Sources */ = {isa = PBXBuildFile; fileRef = 36CDFE6C23FD029600DC65D1 /* PharmacyAPI.swift */; };
		36CDFE6F23FD1D7700DC65D1 /* PharmacyCell.swift in Sources */ = {isa = PBXBuildFile; fileRef = 36CDFE6E23FD1D7700DC65D1 /* PharmacyCell.swift */; };
		36CDFE7323FD255100DC65D1 /* PharmacyHeaderView.swift in Sources */ = {isa = PBXBuildFile; fileRef = 36CDFE7223FD255100DC65D1 /* PharmacyHeaderView.swift */; };
		36CDFE7423FD28C400DC65D1 /* Assets.xcassets in Resources */ = {isa = PBXBuildFile; fileRef = 3691AE1823F1355F00D391CF /* Assets.xcassets */; };
		36DFEAA023F77E23001A6B2F /* FaceMasksBaseAnnotationView.swift in Sources */ = {isa = PBXBuildFile; fileRef = 36DFEA9F23F77E23001A6B2F /* FaceMasksBaseAnnotationView.swift */; };
		36DFEAA223F78E47001A6B2F /* RLM_Pharmacy.swift in Sources */ = {isa = PBXBuildFile; fileRef = 36DFEAA123F78E47001A6B2F /* RLM_Pharmacy.swift */; };
		36DFEAA423F790FB001A6B2F /* RLM_Manager.swift in Sources */ = {isa = PBXBuildFile; fileRef = 36DFEAA323F790FB001A6B2F /* RLM_Manager.swift */; };
		36DFEAA623F7BDA8001A6B2F /* FavoriteViewController.swift in Sources */ = {isa = PBXBuildFile; fileRef = 36DFEAA523F7BDA8001A6B2F /* FavoriteViewController.swift */; };
		36DFEAAD23F7C4DE001A6B2F /* NotificationCenter.framework in Frameworks */ = {isa = PBXBuildFile; fileRef = 36DFEAAC23F7C4DE001A6B2F /* NotificationCenter.framework */; };
		36DFEAB023F7C4DE001A6B2F /* TodayViewController.swift in Sources */ = {isa = PBXBuildFile; fileRef = 36DFEAAF23F7C4DE001A6B2F /* TodayViewController.swift */; };
		36DFEAB723F7C4DE001A6B2F /* PharmacyTodayWidget.appex in Embed App Extensions */ = {isa = PBXBuildFile; fileRef = 36DFEAAB23F7C4DE001A6B2F /* PharmacyTodayWidget.appex */; settings = {ATTRIBUTES = (RemoveHeadersOnCopy, ); }; };
		36DFEABC23F7CA37001A6B2F /* RLM_Manager.swift in Sources */ = {isa = PBXBuildFile; fileRef = 36DFEAA323F790FB001A6B2F /* RLM_Manager.swift */; };
		36DFEAC023F7CF18001A6B2F /* RLM_Pharmacy.swift in Sources */ = {isa = PBXBuildFile; fileRef = 36DFEAA123F78E47001A6B2F /* RLM_Pharmacy.swift */; };
		36DFEAC123F7CF1D001A6B2F /* Propertie.swift in Sources */ = {isa = PBXBuildFile; fileRef = 3691AE2E23F1381500D391CF /* Propertie.swift */; };
		36DFEAC223F7D24B001A6B2F /* Declarative.swift in Sources */ = {isa = PBXBuildFile; fileRef = 3691AE3B23F25A0E00D391CF /* Declarative.swift */; };
		36DFEAC623F7DD8C001A6B2F /* NotResultView.swift in Sources */ = {isa = PBXBuildFile; fileRef = 36DFEAC523F7DD8C001A6B2F /* NotResultView.swift */; };
		36DFEAC723F7EE16001A6B2F /* FaceMasksAPI.swift in Sources */ = {isa = PBXBuildFile; fileRef = 3691AE2723F1375A00D391CF /* FaceMasksAPI.swift */; };
		36DFEAC823F7EE67001A6B2F /* FaceMasksResponse.swift in Sources */ = {isa = PBXBuildFile; fileRef = 3691AE2A23F137BE00D391CF /* FaceMasksResponse.swift */; };
		36DFEAC923F7EE6A001A6B2F /* Feature.swift in Sources */ = {isa = PBXBuildFile; fileRef = 3691AE2C23F137F500D391CF /* Feature.swift */; };
		36DFEACA23F7EE6E001A6B2F /* Geometry.swift in Sources */ = {isa = PBXBuildFile; fileRef = 3691AE3023F139C000D391CF /* Geometry.swift */; };
		73878FDFDE575397A171473B /* Pods_FaceMasksMap_PharmacyTodayWidget.framework in Frameworks */ = {isa = PBXBuildFile; fileRef = D3479A0DB4E6ABB78A2204B9 /* Pods_FaceMasksMap_PharmacyTodayWidget.framework */; };
		EC605C51423E9F350AAF85FC /* Pods_FaceMasksMap.framework in Frameworks */ = {isa = PBXBuildFile; fileRef = 822DF28F029F7592016D85FA /* Pods_FaceMasksMap.framework */; };
/* End PBXBuildFile section */

/* Begin PBXContainerItemProxy section */
		36DFEAB523F7C4DE001A6B2F /* PBXContainerItemProxy */ = {
			isa = PBXContainerItemProxy;
			containerPortal = 3691AE0423F1355A00D391CF /* Project object */;
			proxyType = 1;
			remoteGlobalIDString = 36DFEAAA23F7C4DE001A6B2F;
			remoteInfo = PharmacyTodayWidget;
		};
/* End PBXContainerItemProxy section */

/* Begin PBXCopyFilesBuildPhase section */
		36DFEABB23F7C4DE001A6B2F /* Embed App Extensions */ = {
			isa = PBXCopyFilesBuildPhase;
			buildActionMask = 2147483647;
			dstPath = "";
			dstSubfolderSpec = 13;
			files = (
				36DFEAB723F7C4DE001A6B2F /* PharmacyTodayWidget.appex in Embed App Extensions */,
			);
			name = "Embed App Extensions";
			runOnlyForDeploymentPostprocessing = 0;
		};
/* End PBXCopyFilesBuildPhase section */

/* Begin PBXFileReference section */
		363D8B3323FA402300D919AE /* FavoritePharmacyCellTableViewCell.swift */ = {isa = PBXFileReference; lastKnownFileType = sourcecode.swift; path = FavoritePharmacyCellTableViewCell.swift; sourceTree = "<group>"; };
		3691AE0C23F1355A00D391CF /* FaceMasksMap.app */ = {isa = PBXFileReference; explicitFileType = wrapper.application; includeInIndex = 0; path = FaceMasksMap.app; sourceTree = BUILT_PRODUCTS_DIR; };
		3691AE0F23F1355A00D391CF /* AppDelegate.swift */ = {isa = PBXFileReference; lastKnownFileType = sourcecode.swift; path = AppDelegate.swift; sourceTree = "<group>"; };
		3691AE1323F1355A00D391CF /* MapViewController.swift */ = {isa = PBXFileReference; lastKnownFileType = sourcecode.swift; path = MapViewController.swift; sourceTree = "<group>"; };
		3691AE1823F1355F00D391CF /* Assets.xcassets */ = {isa = PBXFileReference; lastKnownFileType = folder.assetcatalog; path = Assets.xcassets; sourceTree = "<group>"; };
		3691AE1B23F1355F00D391CF /* Base */ = {isa = PBXFileReference; lastKnownFileType = file.storyboard; name = Base; path = Base.lproj/LaunchScreen.storyboard; sourceTree = "<group>"; };
		3691AE1D23F1355F00D391CF /* Info.plist */ = {isa = PBXFileReference; lastKnownFileType = text.plist.xml; path = Info.plist; sourceTree = "<group>"; };
		3691AE2423F1359C00D391CF /* Coordinator.swift */ = {isa = PBXFileReference; lastKnownFileType = sourcecode.swift; path = Coordinator.swift; sourceTree = "<group>"; };
		3691AE2723F1375A00D391CF /* FaceMasksAPI.swift */ = {isa = PBXFileReference; lastKnownFileType = sourcecode.swift; path = FaceMasksAPI.swift; sourceTree = "<group>"; };
		3691AE2A23F137BE00D391CF /* FaceMasksResponse.swift */ = {isa = PBXFileReference; lastKnownFileType = sourcecode.swift; path = FaceMasksResponse.swift; sourceTree = "<group>"; };
		3691AE2C23F137F500D391CF /* Feature.swift */ = {isa = PBXFileReference; lastKnownFileType = sourcecode.swift; path = Feature.swift; sourceTree = "<group>"; };
		3691AE2E23F1381500D391CF /* Propertie.swift */ = {isa = PBXFileReference; lastKnownFileType = sourcecode.swift; path = Propertie.swift; sourceTree = "<group>"; };
		3691AE3023F139C000D391CF /* Geometry.swift */ = {isa = PBXFileReference; lastKnownFileType = sourcecode.swift; path = Geometry.swift; sourceTree = "<group>"; };
		3691AE3323F1482E00D391CF /* FaceMasksViewModel.swift */ = {isa = PBXFileReference; lastKnownFileType = sourcecode.swift; path = FaceMasksViewModel.swift; sourceTree = "<group>"; };
		3691AE3523F14A7C00D391CF /* LocationFetcher.swift */ = {isa = PBXFileReference; lastKnownFileType = sourcecode.swift; path = LocationFetcher.swift; sourceTree = "<group>"; };
		3691AE3823F2420F00D391CF /* FaceMaskAnnotation.swift */ = {isa = PBXFileReference; lastKnownFileType = sourcecode.swift; path = FaceMaskAnnotation.swift; sourceTree = "<group>"; };
		3691AE3B23F25A0E00D391CF /* Declarative.swift */ = {isa = PBXFileReference; fileEncoding = 4; lastKnownFileType = sourcecode.swift; path = Declarative.swift; sourceTree = "<group>"; };
		3691AE3D23F27FC000D391CF /* FaceMaskAnnotationView.swift */ = {isa = PBXFileReference; lastKnownFileType = sourcecode.swift; path = FaceMaskAnnotationView.swift; sourceTree = "<group>"; };
		3691AE3F23F3DE1000D391CF /* SingleAnnotationView.swift */ = {isa = PBXFileReference; lastKnownFileType = sourcecode.swift; path = SingleAnnotationView.swift; sourceTree = "<group>"; };
		3691AE4123F4E16800D391CF /* FaceMaskCalloutView.swift */ = {isa = PBXFileReference; lastKnownFileType = sourcecode.swift; path = FaceMaskCalloutView.swift; sourceTree = "<group>"; };
		36CDFE6423FCD82700DC65D1 /* UnmanagedCopy.swift */ = {isa = PBXFileReference; lastKnownFileType = sourcecode.swift; path = UnmanagedCopy.swift; sourceTree = "<group>"; };
		36CDFE6723FD01C200DC65D1 /* PharmacyResponse.swift */ = {isa = PBXFileReference; lastKnownFileType = sourcecode.swift; path = PharmacyResponse.swift; sourceTree = "<group>"; };
		36CDFE6923FD01E400DC65D1 /* Pharmacy.swift */ = {isa = PBXFileReference; lastKnownFileType = sourcecode.swift; path = Pharmacy.swift; sourceTree = "<group>"; };
		36CDFE6C23FD029600DC65D1 /* PharmacyAPI.swift */ = {isa = PBXFileReference; lastKnownFileType = sourcecode.swift; path = PharmacyAPI.swift; sourceTree = "<group>"; };
		36CDFE6E23FD1D7700DC65D1 /* PharmacyCell.swift */ = {isa = PBXFileReference; lastKnownFileType = sourcecode.swift; path = PharmacyCell.swift; sourceTree = "<group>"; };
		36CDFE7223FD255100DC65D1 /* PharmacyHeaderView.swift */ = {isa = PBXFileReference; lastKnownFileType = sourcecode.swift; path = PharmacyHeaderView.swift; sourceTree = "<group>"; };
		36DFEA9F23F77E23001A6B2F /* FaceMasksBaseAnnotationView.swift */ = {isa = PBXFileReference; lastKnownFileType = sourcecode.swift; path = FaceMasksBaseAnnotationView.swift; sourceTree = "<group>"; };
		36DFEAA123F78E47001A6B2F /* RLM_Pharmacy.swift */ = {isa = PBXFileReference; lastKnownFileType = sourcecode.swift; path = RLM_Pharmacy.swift; sourceTree = "<group>"; };
		36DFEAA323F790FB001A6B2F /* RLM_Manager.swift */ = {isa = PBXFileReference; lastKnownFileType = sourcecode.swift; path = RLM_Manager.swift; sourceTree = "<group>"; };
		36DFEAA523F7BDA8001A6B2F /* FavoriteViewController.swift */ = {isa = PBXFileReference; lastKnownFileType = sourcecode.swift; path = FavoriteViewController.swift; sourceTree = "<group>"; };
		36DFEAAB23F7C4DE001A6B2F /* PharmacyTodayWidget.appex */ = {isa = PBXFileReference; explicitFileType = "wrapper.app-extension"; includeInIndex = 0; path = PharmacyTodayWidget.appex; sourceTree = BUILT_PRODUCTS_DIR; };
		36DFEAAC23F7C4DE001A6B2F /* NotificationCenter.framework */ = {isa = PBXFileReference; lastKnownFileType = wrapper.framework; name = NotificationCenter.framework; path = System/Library/Frameworks/NotificationCenter.framework; sourceTree = SDKROOT; };
		36DFEAAF23F7C4DE001A6B2F /* TodayViewController.swift */ = {isa = PBXFileReference; lastKnownFileType = sourcecode.swift; path = TodayViewController.swift; sourceTree = "<group>"; };
		36DFEAB423F7C4DE001A6B2F /* Info.plist */ = {isa = PBXFileReference; lastKnownFileType = text.plist.xml; path = Info.plist; sourceTree = "<group>"; };
		36DFEABE23F7CD79001A6B2F /* FaceMasksMap.entitlements */ = {isa = PBXFileReference; lastKnownFileType = text.plist.entitlements; path = FaceMasksMap.entitlements; sourceTree = "<group>"; };
		36DFEAC323F7D4D2001A6B2F /* PharmacyTodayWidget.entitlements */ = {isa = PBXFileReference; lastKnownFileType = text.plist.entitlements; path = PharmacyTodayWidget.entitlements; sourceTree = "<group>"; };
		36DFEAC523F7DD8C001A6B2F /* NotResultView.swift */ = {isa = PBXFileReference; lastKnownFileType = sourcecode.swift; path = NotResultView.swift; sourceTree = "<group>"; };
		3F58D8AD2968480E4D9CEBF0 /* Pods-FaceMasksMap.debug.xcconfig */ = {isa = PBXFileReference; includeInIndex = 1; lastKnownFileType = text.xcconfig; name = "Pods-FaceMasksMap.debug.xcconfig"; path = "Target Support Files/Pods-FaceMasksMap/Pods-FaceMasksMap.debug.xcconfig"; sourceTree = "<group>"; };
		75F7AF9C60FD36B1997271B6 /* Pods-FaceMasksMap-PharmacyTodayWidget.debug.xcconfig */ = {isa = PBXFileReference; includeInIndex = 1; lastKnownFileType = text.xcconfig; name = "Pods-FaceMasksMap-PharmacyTodayWidget.debug.xcconfig"; path = "Target Support Files/Pods-FaceMasksMap-PharmacyTodayWidget/Pods-FaceMasksMap-PharmacyTodayWidget.debug.xcconfig"; sourceTree = "<group>"; };
		7FB58CB93E40B0328775A5EA /* Pods-FaceMasksMap.release.xcconfig */ = {isa = PBXFileReference; includeInIndex = 1; lastKnownFileType = text.xcconfig; name = "Pods-FaceMasksMap.release.xcconfig"; path = "Target Support Files/Pods-FaceMasksMap/Pods-FaceMasksMap.release.xcconfig"; sourceTree = "<group>"; };
		822DF28F029F7592016D85FA /* Pods_FaceMasksMap.framework */ = {isa = PBXFileReference; explicitFileType = wrapper.framework; includeInIndex = 0; path = Pods_FaceMasksMap.framework; sourceTree = BUILT_PRODUCTS_DIR; };
		A6371F84A317DAC20EAEB649 /* Pods-FaceMasksMap-PharmacyTodayWidget.release.xcconfig */ = {isa = PBXFileReference; includeInIndex = 1; lastKnownFileType = text.xcconfig; name = "Pods-FaceMasksMap-PharmacyTodayWidget.release.xcconfig"; path = "Target Support Files/Pods-FaceMasksMap-PharmacyTodayWidget/Pods-FaceMasksMap-PharmacyTodayWidget.release.xcconfig"; sourceTree = "<group>"; };
		D3479A0DB4E6ABB78A2204B9 /* Pods_FaceMasksMap_PharmacyTodayWidget.framework */ = {isa = PBXFileReference; explicitFileType = wrapper.framework; includeInIndex = 0; path = Pods_FaceMasksMap_PharmacyTodayWidget.framework; sourceTree = BUILT_PRODUCTS_DIR; };
/* End PBXFileReference section */

/* Begin PBXFrameworksBuildPhase section */
		3691AE0923F1355A00D391CF /* Frameworks */ = {
			isa = PBXFrameworksBuildPhase;
			buildActionMask = 2147483647;
			files = (
				EC605C51423E9F350AAF85FC /* Pods_FaceMasksMap.framework in Frameworks */,
			);
			runOnlyForDeploymentPostprocessing = 0;
		};
		36DFEAA823F7C4DE001A6B2F /* Frameworks */ = {
			isa = PBXFrameworksBuildPhase;
			buildActionMask = 2147483647;
			files = (
				36DFEAAD23F7C4DE001A6B2F /* NotificationCenter.framework in Frameworks */,
				73878FDFDE575397A171473B /* Pods_FaceMasksMap_PharmacyTodayWidget.framework in Frameworks */,
			);
			runOnlyForDeploymentPostprocessing = 0;
		};
/* End PBXFrameworksBuildPhase section */

/* Begin PBXGroup section */
		363D8B3223FA400B00D919AE /* Cell */ = {
			isa = PBXGroup;
			children = (
				363D8B3323FA402300D919AE /* FavoritePharmacyCellTableViewCell.swift */,
			);
			path = Cell;
			sourceTree = "<group>";
		};
		3691AE0323F1355A00D391CF = {
			isa = PBXGroup;
			children = (
				3691AE0E23F1355A00D391CF /* FaceMasksMap */,
				36DFEAAE23F7C4DE001A6B2F /* PharmacyTodayWidget */,
				3691AE0D23F1355A00D391CF /* Products */,
				9288A864272EEAC39A115738 /* Pods */,
				38F3B8CB198F7D5E181CC885 /* Frameworks */,
			);
			sourceTree = "<group>";
		};
		3691AE0D23F1355A00D391CF /* Products */ = {
			isa = PBXGroup;
			children = (
				3691AE0C23F1355A00D391CF /* FaceMasksMap.app */,
				36DFEAAB23F7C4DE001A6B2F /* PharmacyTodayWidget.appex */,
			);
			name = Products;
			sourceTree = "<group>";
		};
		3691AE0E23F1355A00D391CF /* FaceMasksMap */ = {
			isa = PBXGroup;
			children = (
				36DFEABE23F7CD79001A6B2F /* FaceMasksMap.entitlements */,
				3691AE0F23F1355A00D391CF /* AppDelegate.swift */,
				3691AE3A23F25A0E00D391CF /* Declarative */,
				3691AE2623F1372B00D391CF /* Service */,
				3691AE2323F1359400D391CF /* Coordinator */,
				3691AE2923F1378B00D391CF /* Model */,
				3691AE3723F241E500D391CF /* View */,
				3691AE3223F1481C00D391CF /* ViewModel */,
				3691AE1323F1355A00D391CF /* MapViewController.swift */,
				36DFEAA523F7BDA8001A6B2F /* FavoriteViewController.swift */,
				3691AE1823F1355F00D391CF /* Assets.xcassets */,
				3691AE1A23F1355F00D391CF /* LaunchScreen.storyboard */,
				3691AE1D23F1355F00D391CF /* Info.plist */,
			);
			path = FaceMasksMap;
			sourceTree = "<group>";
		};
		3691AE2323F1359400D391CF /* Coordinator */ = {
			isa = PBXGroup;
			children = (
				3691AE2423F1359C00D391CF /* Coordinator.swift */,
				36DFEAA323F790FB001A6B2F /* RLM_Manager.swift */,
			);
			path = Coordinator;
			sourceTree = "<group>";
		};
		3691AE2623F1372B00D391CF /* Service */ = {
			isa = PBXGroup;
			children = (
				3691AE2723F1375A00D391CF /* FaceMasksAPI.swift */,
			);
			path = Service;
			sourceTree = "<group>";
		};
		3691AE2923F1378B00D391CF /* Model */ = {
			isa = PBXGroup;
			children = (
				3691AE2A23F137BE00D391CF /* FaceMasksResponse.swift */,
				3691AE2C23F137F500D391CF /* Feature.swift */,
				3691AE2E23F1381500D391CF /* Propertie.swift */,
				3691AE3023F139C000D391CF /* Geometry.swift */,
				36DFEAA123F78E47001A6B2F /* RLM_Pharmacy.swift */,
			);
			path = Model;
			sourceTree = "<group>";
		};
		3691AE3223F1481C00D391CF /* ViewModel */ = {
			isa = PBXGroup;
			children = (
				3691AE3323F1482E00D391CF /* FaceMasksViewModel.swift */,
				3691AE3523F14A7C00D391CF /* LocationFetcher.swift */,
			);
			path = ViewModel;
			sourceTree = "<group>";
		};
		3691AE3723F241E500D391CF /* View */ = {
			isa = PBXGroup;
			children = (
				3691AE3823F2420F00D391CF /* FaceMaskAnnotation.swift */,
				36DFEA9F23F77E23001A6B2F /* FaceMasksBaseAnnotationView.swift */,
				3691AE3D23F27FC000D391CF /* FaceMaskAnnotationView.swift */,
				3691AE3F23F3DE1000D391CF /* SingleAnnotationView.swift */,
				3691AE4123F4E16800D391CF /* FaceMaskCalloutView.swift */,
				363D8B3223FA400B00D919AE /* Cell */,
			);
			path = View;
			sourceTree = "<group>";
		};
		3691AE3A23F25A0E00D391CF /* Declarative */ = {
			isa = PBXGroup;
			children = (
				3691AE3B23F25A0E00D391CF /* Declarative.swift */,
				36CDFE6423FCD82700DC65D1 /* UnmanagedCopy.swift */,
			);
			path = Declarative;
			sourceTree = "<group>";
		};
		36CDFE6623FD01A000DC65D1 /* Model */ = {
			isa = PBXGroup;
			children = (
				36CDFE6723FD01C200DC65D1 /* PharmacyResponse.swift */,
				36CDFE6923FD01E400DC65D1 /* Pharmacy.swift */,
			);
			path = Model;
			sourceTree = "<group>";
		};
		36CDFE6B23FD027D00DC65D1 /* Service */ = {
			isa = PBXGroup;
			children = (
				36CDFE6C23FD029600DC65D1 /* PharmacyAPI.swift */,
			);
			path = Service;
			sourceTree = "<group>";
		};
		36DFEAAE23F7C4DE001A6B2F /* PharmacyTodayWidget */ = {
			isa = PBXGroup;
			children = (
				36DFEAC323F7D4D2001A6B2F /* PharmacyTodayWidget.entitlements */,
				36CDFE6B23FD027D00DC65D1 /* Service */,
				36CDFE6623FD01A000DC65D1 /* Model */,
				36DFEAC423F7DD75001A6B2F /* View */,
				36DFEAAF23F7C4DE001A6B2F /* TodayViewController.swift */,
				36DFEAB423F7C4DE001A6B2F /* Info.plist */,
			);
			path = PharmacyTodayWidget;
			sourceTree = "<group>";
		};
		36DFEAC423F7DD75001A6B2F /* View */ = {
			isa = PBXGroup;
			children = (
				36DFEAC523F7DD8C001A6B2F /* NotResultView.swift */,
				36CDFE7223FD255100DC65D1 /* PharmacyHeaderView.swift */,
				36CDFE6E23FD1D7700DC65D1 /* PharmacyCell.swift */,
			);
			path = View;
			sourceTree = "<group>";
		};
		38F3B8CB198F7D5E181CC885 /* Frameworks */ = {
			isa = PBXGroup;
			children = (
				822DF28F029F7592016D85FA /* Pods_FaceMasksMap.framework */,
				36DFEAAC23F7C4DE001A6B2F /* NotificationCenter.framework */,
				D3479A0DB4E6ABB78A2204B9 /* Pods_FaceMasksMap_PharmacyTodayWidget.framework */,
			);
			name = Frameworks;
			sourceTree = "<group>";
		};
		9288A864272EEAC39A115738 /* Pods */ = {
			isa = PBXGroup;
			children = (
				3F58D8AD2968480E4D9CEBF0 /* Pods-FaceMasksMap.debug.xcconfig */,
				7FB58CB93E40B0328775A5EA /* Pods-FaceMasksMap.release.xcconfig */,
				75F7AF9C60FD36B1997271B6 /* Pods-FaceMasksMap-PharmacyTodayWidget.debug.xcconfig */,
				A6371F84A317DAC20EAEB649 /* Pods-FaceMasksMap-PharmacyTodayWidget.release.xcconfig */,
			);
			path = Pods;
			sourceTree = "<group>";
		};
/* End PBXGroup section */

/* Begin PBXNativeTarget section */
		3691AE0B23F1355A00D391CF /* FaceMasksMap */ = {
			isa = PBXNativeTarget;
			buildConfigurationList = 3691AE2023F1355F00D391CF /* Build configuration list for PBXNativeTarget "FaceMasksMap" */;
			buildPhases = (
				776B7FF6C153AB4AFED4C520 /* [CP] Check Pods Manifest.lock */,
				3691AE0823F1355A00D391CF /* Sources */,
				3691AE0923F1355A00D391CF /* Frameworks */,
				3691AE0A23F1355A00D391CF /* Resources */,
				2BA7FB54017D6BA213DDA10A /* [CP] Embed Pods Frameworks */,
				36DFEABB23F7C4DE001A6B2F /* Embed App Extensions */,
			);
			buildRules = (
			);
			dependencies = (
				36DFEAB623F7C4DE001A6B2F /* PBXTargetDependency */,
			);
			name = FaceMasksMap;
			productName = FaceMasksMap;
			productReference = 3691AE0C23F1355A00D391CF /* FaceMasksMap.app */;
			productType = "com.apple.product-type.application";
		};
		36DFEAAA23F7C4DE001A6B2F /* PharmacyTodayWidget */ = {
			isa = PBXNativeTarget;
			buildConfigurationList = 36DFEAB823F7C4DE001A6B2F /* Build configuration list for PBXNativeTarget "PharmacyTodayWidget" */;
			buildPhases = (
				EFAD8429A6572DBCC286983B /* [CP] Check Pods Manifest.lock */,
				36DFEAA723F7C4DE001A6B2F /* Sources */,
				36DFEAA823F7C4DE001A6B2F /* Frameworks */,
				36DFEAA923F7C4DE001A6B2F /* Resources */,
			);
			buildRules = (
			);
			dependencies = (
			);
			name = PharmacyTodayWidget;
			productName = PharmacyTodayWidget;
			productReference = 36DFEAAB23F7C4DE001A6B2F /* PharmacyTodayWidget.appex */;
			productType = "com.apple.product-type.app-extension";
		};
/* End PBXNativeTarget section */

/* Begin PBXProject section */
		3691AE0423F1355A00D391CF /* Project object */ = {
			isa = PBXProject;
			attributes = {
				LastSwiftUpdateCheck = 1130;
				LastUpgradeCheck = 1130;
				ORGANIZATIONNAME = "沈維庭";
				TargetAttributes = {
					3691AE0B23F1355A00D391CF = {
						CreatedOnToolsVersion = 11.3.1;
					};
					36DFEAAA23F7C4DE001A6B2F = {
						CreatedOnToolsVersion = 11.3.1;
					};
				};
			};
			buildConfigurationList = 3691AE0723F1355A00D391CF /* Build configuration list for PBXProject "FaceMasksMap" */;
			compatibilityVersion = "Xcode 9.3";
			developmentRegion = en;
			hasScannedForEncodings = 0;
			knownRegions = (
				en,
				Base,
			);
			mainGroup = 3691AE0323F1355A00D391CF;
			productRefGroup = 3691AE0D23F1355A00D391CF /* Products */;
			projectDirPath = "";
			projectRoot = "";
			targets = (
				3691AE0B23F1355A00D391CF /* FaceMasksMap */,
				36DFEAAA23F7C4DE001A6B2F /* PharmacyTodayWidget */,
			);
		};
/* End PBXProject section */

/* Begin PBXResourcesBuildPhase section */
		3691AE0A23F1355A00D391CF /* Resources */ = {
			isa = PBXResourcesBuildPhase;
			buildActionMask = 2147483647;
			files = (
				3691AE1C23F1355F00D391CF /* LaunchScreen.storyboard in Resources */,
				3691AE1923F1355F00D391CF /* Assets.xcassets in Resources */,
			);
			runOnlyForDeploymentPostprocessing = 0;
		};
		36DFEAA923F7C4DE001A6B2F /* Resources */ = {
			isa = PBXResourcesBuildPhase;
			buildActionMask = 2147483647;
			files = (
				36CDFE7423FD28C400DC65D1 /* Assets.xcassets in Resources */,
			);
			runOnlyForDeploymentPostprocessing = 0;
		};
/* End PBXResourcesBuildPhase section */

/* Begin PBXShellScriptBuildPhase section */
		2BA7FB54017D6BA213DDA10A /* [CP] Embed Pods Frameworks */ = {
			isa = PBXShellScriptBuildPhase;
			buildActionMask = 2147483647;
			files = (
			);
			inputFileListPaths = (
				"${PODS_ROOT}/Target Support Files/Pods-FaceMasksMap/Pods-FaceMasksMap-frameworks-${CONFIGURATION}-input-files.xcfilelist",
			);
			name = "[CP] Embed Pods Frameworks";
			outputFileListPaths = (
				"${PODS_ROOT}/Target Support Files/Pods-FaceMasksMap/Pods-FaceMasksMap-frameworks-${CONFIGURATION}-output-files.xcfilelist",
			);
			runOnlyForDeploymentPostprocessing = 0;
			shellPath = /bin/sh;
			shellScript = "\"${PODS_ROOT}/Target Support Files/Pods-FaceMasksMap/Pods-FaceMasksMap-frameworks.sh\"\n";
			showEnvVarsInLog = 0;
		};
		776B7FF6C153AB4AFED4C520 /* [CP] Check Pods Manifest.lock */ = {
			isa = PBXShellScriptBuildPhase;
			buildActionMask = 2147483647;
			files = (
			);
			inputFileListPaths = (
			);
			inputPaths = (
				"${PODS_PODFILE_DIR_PATH}/Podfile.lock",
				"${PODS_ROOT}/Manifest.lock",
			);
			name = "[CP] Check Pods Manifest.lock";
			outputFileListPaths = (
			);
			outputPaths = (
				"$(DERIVED_FILE_DIR)/Pods-FaceMasksMap-checkManifestLockResult.txt",
			);
			runOnlyForDeploymentPostprocessing = 0;
			shellPath = /bin/sh;
			shellScript = "diff \"${PODS_PODFILE_DIR_PATH}/Podfile.lock\" \"${PODS_ROOT}/Manifest.lock\" > /dev/null\nif [ $? != 0 ] ; then\n    # print error to STDERR\n    echo \"error: The sandbox is not in sync with the Podfile.lock. Run 'pod install' or update your CocoaPods installation.\" >&2\n    exit 1\nfi\n# This output is used by Xcode 'outputs' to avoid re-running this script phase.\necho \"SUCCESS\" > \"${SCRIPT_OUTPUT_FILE_0}\"\n";
			showEnvVarsInLog = 0;
		};
		EFAD8429A6572DBCC286983B /* [CP] Check Pods Manifest.lock */ = {
			isa = PBXShellScriptBuildPhase;
			buildActionMask = 2147483647;
			files = (
			);
			inputFileListPaths = (
			);
			inputPaths = (
				"${PODS_PODFILE_DIR_PATH}/Podfile.lock",
				"${PODS_ROOT}/Manifest.lock",
			);
			name = "[CP] Check Pods Manifest.lock";
			outputFileListPaths = (
			);
			outputPaths = (
				"$(DERIVED_FILE_DIR)/Pods-FaceMasksMap-PharmacyTodayWidget-checkManifestLockResult.txt",
			);
			runOnlyForDeploymentPostprocessing = 0;
			shellPath = /bin/sh;
			shellScript = "diff \"${PODS_PODFILE_DIR_PATH}/Podfile.lock\" \"${PODS_ROOT}/Manifest.lock\" > /dev/null\nif [ $? != 0 ] ; then\n    # print error to STDERR\n    echo \"error: The sandbox is not in sync with the Podfile.lock. Run 'pod install' or update your CocoaPods installation.\" >&2\n    exit 1\nfi\n# This output is used by Xcode 'outputs' to avoid re-running this script phase.\necho \"SUCCESS\" > \"${SCRIPT_OUTPUT_FILE_0}\"\n";
			showEnvVarsInLog = 0;
		};
/* End PBXShellScriptBuildPhase section */

/* Begin PBXSourcesBuildPhase section */
		3691AE0823F1355A00D391CF /* Sources */ = {
			isa = PBXSourcesBuildPhase;
			buildActionMask = 2147483647;
			files = (
				3691AE2F23F1381500D391CF /* Propertie.swift in Sources */,
				36DFEAA023F77E23001A6B2F /* FaceMasksBaseAnnotationView.swift in Sources */,
				3691AE4023F3DE1000D391CF /* SingleAnnotationView.swift in Sources */,
				3691AE2523F1359C00D391CF /* Coordinator.swift in Sources */,
				3691AE3623F14A7C00D391CF /* LocationFetcher.swift in Sources */,
				36DFEAA423F790FB001A6B2F /* RLM_Manager.swift in Sources */,
				3691AE1423F1355A00D391CF /* MapViewController.swift in Sources */,
				3691AE2D23F137F500D391CF /* Feature.swift in Sources */,
				3691AE3423F1482E00D391CF /* FaceMasksViewModel.swift in Sources */,
				3691AE3923F2420F00D391CF /* FaceMaskAnnotation.swift in Sources */,
				363D8B3423FA402300D919AE /* FavoritePharmacyCellTableViewCell.swift in Sources */,
				3691AE2823F1375A00D391CF /* FaceMasksAPI.swift in Sources */,
				36CDFE6523FCD82700DC65D1 /* UnmanagedCopy.swift in Sources */,
				3691AE3C23F25A0E00D391CF /* Declarative.swift in Sources */,
				3691AE1023F1355A00D391CF /* AppDelegate.swift in Sources */,
				36DFEAA223F78E47001A6B2F /* RLM_Pharmacy.swift in Sources */,
				36DFEAA623F7BDA8001A6B2F /* FavoriteViewController.swift in Sources */,
				3691AE3123F139C000D391CF /* Geometry.swift in Sources */,
				3691AE2B23F137BE00D391CF /* FaceMasksResponse.swift in Sources */,
				3691AE3E23F27FC000D391CF /* FaceMaskAnnotationView.swift in Sources */,
				3691AE4223F4E16800D391CF /* FaceMaskCalloutView.swift in Sources */,
			);
			runOnlyForDeploymentPostprocessing = 0;
		};
		36DFEAA723F7C4DE001A6B2F /* Sources */ = {
			isa = PBXSourcesBuildPhase;
			buildActionMask = 2147483647;
			files = (
				36DFEAC223F7D24B001A6B2F /* Declarative.swift in Sources */,
				36DFEAC623F7DD8C001A6B2F /* NotResultView.swift in Sources */,
				36DFEAC123F7CF1D001A6B2F /* Propertie.swift in Sources */,
				36DFEAB023F7C4DE001A6B2F /* TodayViewController.swift in Sources */,
				36DFEAC023F7CF18001A6B2F /* RLM_Pharmacy.swift in Sources */,
				36CDFE6D23FD029600DC65D1 /* PharmacyAPI.swift in Sources */,
				36DFEAC723F7EE16001A6B2F /* FaceMasksAPI.swift in Sources */,
				36CDFE6A23FD01E400DC65D1 /* Pharmacy.swift in Sources */,
				36CDFE7323FD255100DC65D1 /* PharmacyHeaderView.swift in Sources */,
				36DFEAC923F7EE6A001A6B2F /* Feature.swift in Sources */,
				36DFEABC23F7CA37001A6B2F /* RLM_Manager.swift in Sources */,
				36DFEAC823F7EE67001A6B2F /* FaceMasksResponse.swift in Sources */,
				36DFEACA23F7EE6E001A6B2F /* Geometry.swift in Sources */,
				36CDFE6F23FD1D7700DC65D1 /* PharmacyCell.swift in Sources */,
				36CDFE6823FD01C200DC65D1 /* PharmacyResponse.swift in Sources */,
			);
			runOnlyForDeploymentPostprocessing = 0;
		};
/* End PBXSourcesBuildPhase section */

/* Begin PBXTargetDependency section */
		36DFEAB623F7C4DE001A6B2F /* PBXTargetDependency */ = {
			isa = PBXTargetDependency;
			target = 36DFEAAA23F7C4DE001A6B2F /* PharmacyTodayWidget */;
			targetProxy = 36DFEAB523F7C4DE001A6B2F /* PBXContainerItemProxy */;
		};
/* End PBXTargetDependency section */

/* Begin PBXVariantGroup section */
		3691AE1A23F1355F00D391CF /* LaunchScreen.storyboard */ = {
			isa = PBXVariantGroup;
			children = (
				3691AE1B23F1355F00D391CF /* Base */,
			);
			name = LaunchScreen.storyboard;
			sourceTree = "<group>";
		};
/* End PBXVariantGroup section */

/* Begin XCBuildConfiguration section */
		3691AE1E23F1355F00D391CF /* Debug */ = {
			isa = XCBuildConfiguration;
			buildSettings = {
				ALWAYS_SEARCH_USER_PATHS = NO;
				CLANG_ANALYZER_NONNULL = YES;
				CLANG_ANALYZER_NUMBER_OBJECT_CONVERSION = YES_AGGRESSIVE;
				CLANG_CXX_LANGUAGE_STANDARD = "gnu++14";
				CLANG_CXX_LIBRARY = "libc++";
				CLANG_ENABLE_MODULES = YES;
				CLANG_ENABLE_OBJC_ARC = YES;
				CLANG_ENABLE_OBJC_WEAK = YES;
				CLANG_WARN_BLOCK_CAPTURE_AUTORELEASING = YES;
				CLANG_WARN_BOOL_CONVERSION = YES;
				CLANG_WARN_COMMA = YES;
				CLANG_WARN_CONSTANT_CONVERSION = YES;
				CLANG_WARN_DEPRECATED_OBJC_IMPLEMENTATIONS = YES;
				CLANG_WARN_DIRECT_OBJC_ISA_USAGE = YES_ERROR;
				CLANG_WARN_DOCUMENTATION_COMMENTS = YES;
				CLANG_WARN_EMPTY_BODY = YES;
				CLANG_WARN_ENUM_CONVERSION = YES;
				CLANG_WARN_INFINITE_RECURSION = YES;
				CLANG_WARN_INT_CONVERSION = YES;
				CLANG_WARN_NON_LITERAL_NULL_CONVERSION = YES;
				CLANG_WARN_OBJC_IMPLICIT_RETAIN_SELF = YES;
				CLANG_WARN_OBJC_LITERAL_CONVERSION = YES;
				CLANG_WARN_OBJC_ROOT_CLASS = YES_ERROR;
				CLANG_WARN_RANGE_LOOP_ANALYSIS = YES;
				CLANG_WARN_STRICT_PROTOTYPES = YES;
				CLANG_WARN_SUSPICIOUS_MOVE = YES;
				CLANG_WARN_UNGUARDED_AVAILABILITY = YES_AGGRESSIVE;
				CLANG_WARN_UNREACHABLE_CODE = YES;
				CLANG_WARN__DUPLICATE_METHOD_MATCH = YES;
				COPY_PHASE_STRIP = NO;
				DEBUG_INFORMATION_FORMAT = dwarf;
				ENABLE_STRICT_OBJC_MSGSEND = YES;
				ENABLE_TESTABILITY = YES;
				GCC_C_LANGUAGE_STANDARD = gnu11;
				GCC_DYNAMIC_NO_PIC = NO;
				GCC_NO_COMMON_BLOCKS = YES;
				GCC_OPTIMIZATION_LEVEL = 0;
				GCC_PREPROCESSOR_DEFINITIONS = (
					"DEBUG=1",
					"$(inherited)",
				);
				GCC_WARN_64_TO_32_BIT_CONVERSION = YES;
				GCC_WARN_ABOUT_RETURN_TYPE = YES_ERROR;
				GCC_WARN_UNDECLARED_SELECTOR = YES;
				GCC_WARN_UNINITIALIZED_AUTOS = YES_AGGRESSIVE;
				GCC_WARN_UNUSED_FUNCTION = YES;
				GCC_WARN_UNUSED_VARIABLE = YES;
				IPHONEOS_DEPLOYMENT_TARGET = 11.0;
				MTL_ENABLE_DEBUG_INFO = INCLUDE_SOURCE;
				MTL_FAST_MATH = YES;
				ONLY_ACTIVE_ARCH = YES;
				SDKROOT = iphoneos;
				SWIFT_ACTIVE_COMPILATION_CONDITIONS = DEBUG;
				SWIFT_OPTIMIZATION_LEVEL = "-Onone";
			};
			name = Debug;
		};
		3691AE1F23F1355F00D391CF /* Release */ = {
			isa = XCBuildConfiguration;
			buildSettings = {
				ALWAYS_SEARCH_USER_PATHS = NO;
				CLANG_ANALYZER_NONNULL = YES;
				CLANG_ANALYZER_NUMBER_OBJECT_CONVERSION = YES_AGGRESSIVE;
				CLANG_CXX_LANGUAGE_STANDARD = "gnu++14";
				CLANG_CXX_LIBRARY = "libc++";
				CLANG_ENABLE_MODULES = YES;
				CLANG_ENABLE_OBJC_ARC = YES;
				CLANG_ENABLE_OBJC_WEAK = YES;
				CLANG_WARN_BLOCK_CAPTURE_AUTORELEASING = YES;
				CLANG_WARN_BOOL_CONVERSION = YES;
				CLANG_WARN_COMMA = YES;
				CLANG_WARN_CONSTANT_CONVERSION = YES;
				CLANG_WARN_DEPRECATED_OBJC_IMPLEMENTATIONS = YES;
				CLANG_WARN_DIRECT_OBJC_ISA_USAGE = YES_ERROR;
				CLANG_WARN_DOCUMENTATION_COMMENTS = YES;
				CLANG_WARN_EMPTY_BODY = YES;
				CLANG_WARN_ENUM_CONVERSION = YES;
				CLANG_WARN_INFINITE_RECURSION = YES;
				CLANG_WARN_INT_CONVERSION = YES;
				CLANG_WARN_NON_LITERAL_NULL_CONVERSION = YES;
				CLANG_WARN_OBJC_IMPLICIT_RETAIN_SELF = YES;
				CLANG_WARN_OBJC_LITERAL_CONVERSION = YES;
				CLANG_WARN_OBJC_ROOT_CLASS = YES_ERROR;
				CLANG_WARN_RANGE_LOOP_ANALYSIS = YES;
				CLANG_WARN_STRICT_PROTOTYPES = YES;
				CLANG_WARN_SUSPICIOUS_MOVE = YES;
				CLANG_WARN_UNGUARDED_AVAILABILITY = YES_AGGRESSIVE;
				CLANG_WARN_UNREACHABLE_CODE = YES;
				CLANG_WARN__DUPLICATE_METHOD_MATCH = YES;
				COPY_PHASE_STRIP = NO;
				DEBUG_INFORMATION_FORMAT = "dwarf-with-dsym";
				ENABLE_NS_ASSERTIONS = NO;
				ENABLE_STRICT_OBJC_MSGSEND = YES;
				GCC_C_LANGUAGE_STANDARD = gnu11;
				GCC_NO_COMMON_BLOCKS = YES;
				GCC_WARN_64_TO_32_BIT_CONVERSION = YES;
				GCC_WARN_ABOUT_RETURN_TYPE = YES_ERROR;
				GCC_WARN_UNDECLARED_SELECTOR = YES;
				GCC_WARN_UNINITIALIZED_AUTOS = YES_AGGRESSIVE;
				GCC_WARN_UNUSED_FUNCTION = YES;
				GCC_WARN_UNUSED_VARIABLE = YES;
				IPHONEOS_DEPLOYMENT_TARGET = 11.0;
				MTL_ENABLE_DEBUG_INFO = NO;
				MTL_FAST_MATH = YES;
				SDKROOT = iphoneos;
				SWIFT_COMPILATION_MODE = wholemodule;
				SWIFT_OPTIMIZATION_LEVEL = "-O";
				VALIDATE_PRODUCT = YES;
			};
			name = Release;
		};
		3691AE2123F1355F00D391CF /* Debug */ = {
			isa = XCBuildConfiguration;
			baseConfigurationReference = 3F58D8AD2968480E4D9CEBF0 /* Pods-FaceMasksMap.debug.xcconfig */;
			buildSettings = {
				ALWAYS_EMBED_SWIFT_STANDARD_LIBRARIES = YES;
				ASSETCATALOG_COMPILER_APPICON_NAME = AppIcon;
				CODE_SIGN_ENTITLEMENTS = FaceMasksMap/FaceMasksMap.entitlements;
				CODE_SIGN_IDENTITY = "iPhone Developer";
				CODE_SIGN_STYLE = Manual;
				DEVELOPMENT_TEAM = A5W78287P6;
				INFOPLIST_FILE = FaceMasksMap/Info.plist;
				IPHONEOS_DEPLOYMENT_TARGET = 10.0;
				LD_RUNPATH_SEARCH_PATHS = (
					"$(inherited)",
					"@executable_path/Frameworks",
				);
				PRODUCT_BUNDLE_IDENTIFIER = com.weiting.FaceMasksMap;
				PRODUCT_NAME = "$(TARGET_NAME)";
				PROVISIONING_PROFILE_SPECIFIER = "FaceMasks_Provisioning Profile";
				SWIFT_VERSION = 5.0;
				TARGETED_DEVICE_FAMILY = 1;
			};
			name = Debug;
		};
		3691AE2223F1355F00D391CF /* Release */ = {
			isa = XCBuildConfiguration;
			baseConfigurationReference = 7FB58CB93E40B0328775A5EA /* Pods-FaceMasksMap.release.xcconfig */;
			buildSettings = {
				ALWAYS_EMBED_SWIFT_STANDARD_LIBRARIES = YES;
				ASSETCATALOG_COMPILER_APPICON_NAME = AppIcon;
				CODE_SIGN_ENTITLEMENTS = FaceMasksMap/FaceMasksMap.entitlements;
				CODE_SIGN_IDENTITY = "iPhone Developer";
				CODE_SIGN_STYLE = Manual;
				DEVELOPMENT_TEAM = A5W78287P6;
				INFOPLIST_FILE = FaceMasksMap/Info.plist;
				IPHONEOS_DEPLOYMENT_TARGET = 10.0;
				LD_RUNPATH_SEARCH_PATHS = (
					"$(inherited)",
					"@executable_path/Frameworks",
				);
				PRODUCT_BUNDLE_IDENTIFIER = com.weiting.FaceMasksMap;
				PRODUCT_NAME = "$(TARGET_NAME)";
				PROVISIONING_PROFILE_SPECIFIER = "FaceMasks_Provisioning Profile";
				SWIFT_VERSION = 5.0;
				TARGETED_DEVICE_FAMILY = 1;
			};
			name = Release;
		};
		36DFEAB923F7C4DE001A6B2F /* Debug */ = {
			isa = XCBuildConfiguration;
			baseConfigurationReference = 75F7AF9C60FD36B1997271B6 /* Pods-FaceMasksMap-PharmacyTodayWidget.debug.xcconfig */;
			buildSettings = {
				CODE_SIGN_ENTITLEMENTS = PharmacyTodayWidget/PharmacyTodayWidget.entitlements;
				CODE_SIGN_STYLE = Automatic;
				DEVELOPMENT_TEAM = A5W78287P6;
				INFOPLIST_FILE = PharmacyTodayWidget/Info.plist;
				IPHONEOS_DEPLOYMENT_TARGET = 10.0;
				LD_RUNPATH_SEARCH_PATHS = (
					"$(inherited)",
					"@executable_path/Frameworks",
					"@executable_path/../../Frameworks",
				);
				PRODUCT_BUNDLE_IDENTIFIER = com.weiting.FaceMasksMap.PharmacyTodayWidget;
				PRODUCT_NAME = "$(TARGET_NAME)";
				SKIP_INSTALL = YES;
				SWIFT_VERSION = 5.0;
				TARGETED_DEVICE_FAMILY = 1;
			};
			name = Debug;
		};
		36DFEABA23F7C4DE001A6B2F /* Release */ = {
			isa = XCBuildConfiguration;
			baseConfigurationReference = A6371F84A317DAC20EAEB649 /* Pods-FaceMasksMap-PharmacyTodayWidget.release.xcconfig */;
			buildSettings = {
				CODE_SIGN_ENTITLEMENTS = PharmacyTodayWidget/PharmacyTodayWidget.entitlements;
				CODE_SIGN_STYLE = Automatic;
				DEVELOPMENT_TEAM = A5W78287P6;
				INFOPLIST_FILE = PharmacyTodayWidget/Info.plist;
				IPHONEOS_DEPLOYMENT_TARGET = 10.0;
				LD_RUNPATH_SEARCH_PATHS = (
					"$(inherited)",
					"@executable_path/Frameworks",
					"@executable_path/../../Frameworks",
				);
				PRODUCT_BUNDLE_IDENTIFIER = com.weiting.FaceMasksMap.PharmacyTodayWidget;
				PRODUCT_NAME = "$(TARGET_NAME)";
				SKIP_INSTALL = YES;
				SWIFT_VERSION = 5.0;
				TARGETED_DEVICE_FAMILY = 1;
			};
			name = Release;
		};
/* End XCBuildConfiguration section */

/* Begin XCConfigurationList section */
		3691AE0723F1355A00D391CF /* Build configuration list for PBXProject "FaceMasksMap" */ = {
			isa = XCConfigurationList;
			buildConfigurations = (
				3691AE1E23F1355F00D391CF /* Debug */,
				3691AE1F23F1355F00D391CF /* Release */,
			);
			defaultConfigurationIsVisible = 0;
			defaultConfigurationName = Release;
		};
		3691AE2023F1355F00D391CF /* Build configuration list for PBXNativeTarget "FaceMasksMap" */ = {
			isa = XCConfigurationList;
			buildConfigurations = (
				3691AE2123F1355F00D391CF /* Debug */,
				3691AE2223F1355F00D391CF /* Release */,
			);
			defaultConfigurationIsVisible = 0;
			defaultConfigurationName = Release;
		};
		36DFEAB823F7C4DE001A6B2F /* Build configuration list for PBXNativeTarget "PharmacyTodayWidget" */ = {
			isa = XCConfigurationList;
			buildConfigurations = (
				36DFEAB923F7C4DE001A6B2F /* Debug */,
				36DFEABA23F7C4DE001A6B2F /* Release */,
			);
			defaultConfigurationIsVisible = 0;
			defaultConfigurationName = Release;
		};
/* End XCConfigurationList section */
	};
	rootObject = 3691AE0423F1355A00D391CF /* Project object */;
}
